// !$*UTF8*$!
{
	archiveVersion = 1;
	classes = {
	};
	objectVersion = 51;
	objects = {

/* Begin PBXBuildFile section */
		47A2B2FC23F94AD1009A4443 /* AppDelegate.swift in Sources */ = {isa = PBXBuildFile; fileRef = 47A2B2FB23F94AD1009A4443 /* AppDelegate.swift */; };
		47A2B2FE23F94AD1009A4443 /* SceneDelegate.swift in Sources */ = {isa = PBXBuildFile; fileRef = 47A2B2FD23F94AD1009A4443 /* SceneDelegate.swift */; };
		47A2B30023F94AD1009A4443 /* ContentView.swift in Sources */ = {isa = PBXBuildFile; fileRef = 47A2B2FF23F94AD1009A4443 /* ContentView.swift */; };
		47A2B30223F94AD2009A4443 /* Assets.xcassets in Resources */ = {isa = PBXBuildFile; fileRef = 47A2B30123F94AD2009A4443 /* Assets.xcassets */; };
		47A2B30523F94AD2009A4443 /* Preview Assets.xcassets in Resources */ = {isa = PBXBuildFile; fileRef = 47A2B30423F94AD2009A4443 /* Preview Assets.xcassets */; };
		47A2B30823F94AD2009A4443 /* LaunchScreen.storyboard in Resources */ = {isa = PBXBuildFile; fileRef = 47A2B30623F94AD2009A4443 /* LaunchScreen.storyboard */; };
		47A2B31223FA85C0009A4443 /* GoogleService-Info.plist in Resources */ = {isa = PBXBuildFile; fileRef = 47A2B31123FA85C0009A4443 /* GoogleService-Info.plist */; };
		AADAD4D29C80954082F6E857 /* Pods_SafeWalk.framework in Frameworks */ = {isa = PBXBuildFile; fileRef = CC10C9AFF2F33321CBF80540 /* Pods_SafeWalk.framework */; };
/* End PBXBuildFile section */

/* Begin PBXFileReference section */
		16AF77EB2B67985FA49AA981 /* Pods-SafeWalk.debug.xcconfig */ = {isa = PBXFileReference; includeInIndex = 1; lastKnownFileType = text.xcconfig; name = "Pods-SafeWalk.debug.xcconfig"; path = "Target Support Files/Pods-SafeWalk/Pods-SafeWalk.debug.xcconfig"; sourceTree = "<group>"; };
		47A2B2F823F94AD1009A4443 /* SafeWalk.app */ = {isa = PBXFileReference; explicitFileType = wrapper.application; includeInIndex = 0; path = SafeWalk.app; sourceTree = BUILT_PRODUCTS_DIR; };
		47A2B2FB23F94AD1009A4443 /* AppDelegate.swift */ = {isa = PBXFileReference; lastKnownFileType = sourcecode.swift; path = AppDelegate.swift; sourceTree = "<group>"; };
		47A2B2FD23F94AD1009A4443 /* SceneDelegate.swift */ = {isa = PBXFileReference; lastKnownFileType = sourcecode.swift; path = SceneDelegate.swift; sourceTree = "<group>"; };
		47A2B2FF23F94AD1009A4443 /* ContentView.swift */ = {isa = PBXFileReference; lastKnownFileType = sourcecode.swift; path = ContentView.swift; sourceTree = "<group>"; };
		47A2B30123F94AD2009A4443 /* Assets.xcassets */ = {isa = PBXFileReference; lastKnownFileType = folder.assetcatalog; path = Assets.xcassets; sourceTree = "<group>"; };
		47A2B30423F94AD2009A4443 /* Preview Assets.xcassets */ = {isa = PBXFileReference; lastKnownFileType = folder.assetcatalog; path = "Preview Assets.xcassets"; sourceTree = "<group>"; };
		47A2B30723F94AD2009A4443 /* Base */ = {isa = PBXFileReference; lastKnownFileType = file.storyboard; name = Base; path = Base.lproj/LaunchScreen.storyboard; sourceTree = "<group>"; };
		47A2B30923F94AD2009A4443 /* Info.plist */ = {isa = PBXFileReference; lastKnownFileType = text.plist.xml; path = Info.plist; sourceTree = "<group>"; };
		47A2B31123FA85C0009A4443 /* GoogleService-Info.plist */ = {isa = PBXFileReference; fileEncoding = 4; lastKnownFileType = text.plist.xml; name = "GoogleService-Info.plist"; path = "../../../Downloads/GoogleService-Info.plist"; sourceTree = "<group>"; };
		655B0A48535E619C44492A83 /* Pods-SafeWalk.release.xcconfig */ = {isa = PBXFileReference; includeInIndex = 1; lastKnownFileType = text.xcconfig; name = "Pods-SafeWalk.release.xcconfig"; path = "Target Support Files/Pods-SafeWalk/Pods-SafeWalk.release.xcconfig"; sourceTree = "<group>"; };
		CC10C9AFF2F33321CBF80540 /* Pods_SafeWalk.framework */ = {isa = PBXFileReference; explicitFileType = wrapper.framework; includeInIndex = 0; path = Pods_SafeWalk.framework; sourceTree = BUILT_PRODUCTS_DIR; };
/* End PBXFileReference section */

/* Begin PBXFrameworksBuildPhase section */
		47A2B2F523F94AD1009A4443 /* Frameworks */ = {
			isa = PBXFrameworksBuildPhase;
			buildActionMask = 2147483647;
			files = (
				AADAD4D29C80954082F6E857 /* Pods_SafeWalk.framework in Frameworks */,
			);
			runOnlyForDeploymentPostprocessing = 0;
		};
/* End PBXFrameworksBuildPhase section */

/* Begin PBXGroup section */
		01D3926533368C4D43BE1C75 /* Pods */ = {
			isa = PBXGroup;
			children = (
				16AF77EB2B67985FA49AA981 /* Pods-SafeWalk.debug.xcconfig */,
				655B0A48535E619C44492A83 /* Pods-SafeWalk.release.xcconfig */,
			);
			path = Pods;
			sourceTree = "<group>";
		};
		47A2B2EF23F94AD1009A4443 = {
			isa = PBXGroup;
			children = (
				47A2B2FA23F94AD1009A4443 /* SafeWalk */,
				47A2B2F923F94AD1009A4443 /* Products */,
				01D3926533368C4D43BE1C75 /* Pods */,
				A6D3C9F40E61F85E3DD3830B /* Frameworks */,
			);
			sourceTree = "<group>";
		};
		47A2B2F923F94AD1009A4443 /* Products */ = {
			isa = PBXGroup;
			children = (
				47A2B2F823F94AD1009A4443 /* SafeWalk.app */,
			);
			name = Products;
			sourceTree = "<group>";
		};
		47A2B2FA23F94AD1009A4443 /* SafeWalk */ = {
			isa = PBXGroup;
			children = (
				47A2B2FB23F94AD1009A4443 /* AppDelegate.swift */,
				47A2B2FD23F94AD1009A4443 /* SceneDelegate.swift */,
				47A2B2FF23F94AD1009A4443 /* ContentView.swift */,
				47A2B30123F94AD2009A4443 /* Assets.xcassets */,
				47A2B30623F94AD2009A4443 /* LaunchScreen.storyboard */,
				47A2B30923F94AD2009A4443 /* Info.plist */,
				47A2B31123FA85C0009A4443 /* GoogleService-Info.plist */,
				47A2B30323F94AD2009A4443 /* Preview Content */,
			);
			path = SafeWalk;
			sourceTree = "<group>";
		};
		47A2B30323F94AD2009A4443 /* Preview Content */ = {
			isa = PBXGroup;
			children = (
				47A2B30423F94AD2009A4443 /* Preview Assets.xcassets */,
			);
			path = "Preview Content";
			sourceTree = "<group>";
		};
		A6D3C9F40E61F85E3DD3830B /* Frameworks */ = {
			isa = PBXGroup;
			children = (
				CC10C9AFF2F33321CBF80540 /* Pods_SafeWalk.framework */,
			);
			name = Frameworks;
			sourceTree = "<group>";
		};
/* End PBXGroup section */

/* Begin PBXNativeTarget section */
		47A2B2F723F94AD1009A4443 /* SafeWalk */ = {
			isa = PBXNativeTarget;
			buildConfigurationList = 47A2B30C23F94AD2009A4443 /* Build configuration list for PBXNativeTarget "SafeWalk" */;
			buildPhases = (
				84A371E61F6A95447FC917AB /* [CP] Check Pods Manifest.lock */,
				47A2B2F423F94AD1009A4443 /* Sources */,
				47A2B2F523F94AD1009A4443 /* Frameworks */,
				47A2B2F623F94AD1009A4443 /* Resources */,
				149D5346A82124DE71112423 /* [CP] Copy Pods Resources */,
				F3092A955B7DDFCD4BF60FCF /* [CP] Embed Pods Frameworks */,
			);
			buildRules = (
			);
			dependencies = (
			);
			name = SafeWalk;
			productName = SafeWalk;
			productReference = 47A2B2F823F94AD1009A4443 /* SafeWalk.app */;
			productType = "com.apple.product-type.application";
		};
/* End PBXNativeTarget section */

/* Begin PBXProject section */
		47A2B2F023F94AD1009A4443 /* Project object */ = {
			isa = PBXProject;
			attributes = {
				LastSwiftUpdateCheck = 1130;
				LastUpgradeCheck = 1130;
				ORGANIZATIONNAME = "Ilana Shapiro";
				TargetAttributes = {
					47A2B2F723F94AD1009A4443 = {
						CreatedOnToolsVersion = 11.3.1;
					};
				};
			};
			buildConfigurationList = 47A2B2F323F94AD1009A4443 /* Build configuration list for PBXProject "SafeWalk" */;
			compatibilityVersion = "Xcode 9.3";
			developmentRegion = en;
			hasScannedForEncodings = 0;
			knownRegions = (
				en,
				Base,
			);
			mainGroup = 47A2B2EF23F94AD1009A4443;
			productRefGroup = 47A2B2F923F94AD1009A4443 /* Products */;
			projectDirPath = "";
			projectRoot = "";
			targets = (
				47A2B2F723F94AD1009A4443 /* SafeWalk */,
			);
		};
/* End PBXProject section */

/* Begin PBXResourcesBuildPhase section */
		47A2B2F623F94AD1009A4443 /* Resources */ = {
			isa = PBXResourcesBuildPhase;
			buildActionMask = 2147483647;
			files = (
				47A2B30823F94AD2009A4443 /* LaunchScreen.storyboard in Resources */,
				47A2B31223FA85C0009A4443 /* GoogleService-Info.plist in Resources */,
				47A2B30523F94AD2009A4443 /* Preview Assets.xcassets in Resources */,
				47A2B30223F94AD2009A4443 /* Assets.xcassets in Resources */,
			);
			runOnlyForDeploymentPostprocessing = 0;
		};
/* End PBXResourcesBuildPhase section */

/* Begin PBXShellScriptBuildPhase section */
		149D5346A82124DE71112423 /* [CP] Copy Pods Resources */ = {
			isa = PBXShellScriptBuildPhase;
			buildActionMask = 2147483647;
			files = (
			);
			inputFileListPaths = (
				"${PODS_ROOT}/Target Support Files/Pods-SafeWalk/Pods-SafeWalk-resources-${CONFIGURATION}-input-files.xcfilelist",
			);
			name = "[CP] Copy Pods Resources";
			outputFileListPaths = (
				"${PODS_ROOT}/Target Support Files/Pods-SafeWalk/Pods-SafeWalk-resources-${CONFIGURATION}-output-files.xcfilelist",
			);
			runOnlyForDeploymentPostprocessing = 0;
			shellPath = /bin/sh;
			shellScript = "\"${PODS_ROOT}/Target Support Files/Pods-SafeWalk/Pods-SafeWalk-resources.sh\"\n";
			showEnvVarsInLog = 0;
		};
		84A371E61F6A95447FC917AB /* [CP] Check Pods Manifest.lock */ = {
			isa = PBXShellScriptBuildPhase;
			buildActionMask = 2147483647;
			files = (
			);
			inputFileListPaths = (
			);
			inputPaths = (
				"${PODS_PODFILE_DIR_PATH}/Podfile.lock",
				"${PODS_ROOT}/Manifest.lock",
			);
			name = "[CP] Check Pods Manifest.lock";
			outputFileListPaths = (
			);
			outputPaths = (
				"$(DERIVED_FILE_DIR)/Pods-SafeWalk-checkManifestLockResult.txt",
			);
			runOnlyForDeploymentPostprocessing = 0;
			shellPath = /bin/sh;
			shellScript = "diff \"${PODS_PODFILE_DIR_PATH}/Podfile.lock\" \"${PODS_ROOT}/Manifest.lock\" > /dev/null\nif [ $? != 0 ] ; then\n    # print error to STDERR\n    echo \"error: The sandbox is not in sync with the Podfile.lock. Run 'pod install' or update your CocoaPods installation.\" >&2\n    exit 1\nfi\n# This output is used by Xcode 'outputs' to avoid re-running this script phase.\necho \"SUCCESS\" > \"${SCRIPT_OUTPUT_FILE_0}\"\n";
			showEnvVarsInLog = 0;
		};
		F3092A955B7DDFCD4BF60FCF /* [CP] Embed Pods Frameworks */ = {
			isa = PBXShellScriptBuildPhase;
			buildActionMask = 2147483647;
			files = (
			);
			inputFileListPaths = (
				"${PODS_ROOT}/Target Support Files/Pods-SafeWalk/Pods-SafeWalk-frameworks-${CONFIGURATION}-input-files.xcfilelist",
			);
			name = "[CP] Embed Pods Frameworks";
			outputFileListPaths = (
				"${PODS_ROOT}/Target Support Files/Pods-SafeWalk/Pods-SafeWalk-frameworks-${CONFIGURATION}-output-files.xcfilelist",
			);
			runOnlyForDeploymentPostprocessing = 0;
			shellPath = /bin/sh;
			shellScript = "\"${PODS_ROOT}/Target Support Files/Pods-SafeWalk/Pods-SafeWalk-frameworks.sh\"\n";
			showEnvVarsInLog = 0;
		};
/* End PBXShellScriptBuildPhase section */

/* Begin PBXSourcesBuildPhase section */
		47A2B2F423F94AD1009A4443 /* Sources */ = {
			isa = PBXSourcesBuildPhase;
			buildActionMask = 2147483647;
			files = (
				47A2B2FC23F94AD1009A4443 /* AppDelegate.swift in Sources */,
				47A2B2FE23F94AD1009A4443 /* SceneDelegate.swift in Sources */,
				47A2B30023F94AD1009A4443 /* ContentView.swift in Sources */,
			);
			runOnlyForDeploymentPostprocessing = 0;
		};
/* End PBXSourcesBuildPhase section */

/* Begin PBXVariantGroup section */
		47A2B30623F94AD2009A4443 /* LaunchScreen.storyboard */ = {
			isa = PBXVariantGroup;
			children = (
				47A2B30723F94AD2009A4443 /* Base */,
			);
			name = LaunchScreen.storyboard;
			sourceTree = "<group>";
		};
/* End PBXVariantGroup section */

/* Begin XCBuildConfiguration section */
		47A2B30A23F94AD2009A4443 /* Debug */ = {
			isa = XCBuildConfiguration;
			buildSettings = {
				ALWAYS_SEARCH_USER_PATHS = NO;
				CLANG_ANALYZER_NONNULL = YES;
				CLANG_ANALYZER_NUMBER_OBJECT_CONVERSION = YES_AGGRESSIVE;
				CLANG_CXX_LANGUAGE_STANDARD = "gnu++14";
				CLANG_CXX_LIBRARY = "libc++";
				CLANG_ENABLE_MODULES = YES;
				CLANG_ENABLE_OBJC_ARC = YES;
				CLANG_ENABLE_OBJC_WEAK = YES;
				CLANG_WARN_BLOCK_CAPTURE_AUTORELEASING = YES;
				CLANG_WARN_BOOL_CONVERSION = YES;
				CLANG_WARN_COMMA = YES;
				CLANG_WARN_CONSTANT_CONVERSION = YES;
				CLANG_WARN_DEPRECATED_OBJC_IMPLEMENTATIONS = YES;
				CLANG_WARN_DIRECT_OBJC_ISA_USAGE = YES_ERROR;
				CLANG_WARN_DOCUMENTATION_COMMENTS = YES;
				CLANG_WARN_EMPTY_BODY = YES;
				CLANG_WARN_ENUM_CONVERSION = YES;
				CLANG_WARN_INFINITE_RECURSION = YES;
				CLANG_WARN_INT_CONVERSION = YES;
				CLANG_WARN_NON_LITERAL_NULL_CONVERSION = YES;
				CLANG_WARN_OBJC_IMPLICIT_RETAIN_SELF = YES;
				CLANG_WARN_OBJC_LITERAL_CONVERSION = YES;
				CLANG_WARN_OBJC_ROOT_CLASS = YES_ERROR;
				CLANG_WARN_RANGE_LOOP_ANALYSIS = YES;
				CLANG_WARN_STRICT_PROTOTYPES = YES;
				CLANG_WARN_SUSPICIOUS_MOVE = YES;
				CLANG_WARN_UNGUARDED_AVAILABILITY = YES_AGGRESSIVE;
				CLANG_WARN_UNREACHABLE_CODE = YES;
				CLANG_WARN__DUPLICATE_METHOD_MATCH = YES;
				COPY_PHASE_STRIP = NO;
				DEBUG_INFORMATION_FORMAT = dwarf;
				ENABLE_STRICT_OBJC_MSGSEND = YES;
				ENABLE_TESTABILITY = YES;
				GCC_C_LANGUAGE_STANDARD = gnu11;
				GCC_DYNAMIC_NO_PIC = NO;
				GCC_NO_COMMON_BLOCKS = YES;
				GCC_OPTIMIZATION_LEVEL = 0;
				GCC_PREPROCESSOR_DEFINITIONS = (
					"DEBUG=1",
					"$(inherited)",
				);
				GCC_WARN_64_TO_32_BIT_CONVERSION = YES;
				GCC_WARN_ABOUT_RETURN_TYPE = YES_ERROR;
				GCC_WARN_UNDECLARED_SELECTOR = YES;
				GCC_WARN_UNINITIALIZED_AUTOS = YES_AGGRESSIVE;
				GCC_WARN_UNUSED_FUNCTION = YES;
				GCC_WARN_UNUSED_VARIABLE = YES;
				IPHONEOS_DEPLOYMENT_TARGET = 13.2;
				MTL_ENABLE_DEBUG_INFO = INCLUDE_SOURCE;
				MTL_FAST_MATH = YES;
				ONLY_ACTIVE_ARCH = YES;
				SDKROOT = iphoneos;
				SWIFT_ACTIVE_COMPILATION_CONDITIONS = DEBUG;
				SWIFT_OPTIMIZATION_LEVEL = "-Onone";
			};
			name = Debug;
		};
		47A2B30B23F94AD2009A4443 /* Release */ = {
			isa = XCBuildConfiguration;
			buildSettings = {
				ALWAYS_SEARCH_USER_PATHS = NO;
				CLANG_ANALYZER_NONNULL = YES;
				CLANG_ANALYZER_NUMBER_OBJECT_CONVERSION = YES_AGGRESSIVE;
				CLANG_CXX_LANGUAGE_STANDARD = "gnu++14";
				CLANG_CXX_LIBRARY = "libc++";
				CLANG_ENABLE_MODULES = YES;
				CLANG_ENABLE_OBJC_ARC = YES;
				CLANG_ENABLE_OBJC_WEAK = YES;
				CLANG_WARN_BLOCK_CAPTURE_AUTORELEASING = YES;
				CLANG_WARN_BOOL_CONVERSION = YES;
				CLANG_WARN_COMMA = YES;
				CLANG_WARN_CONSTANT_CONVERSION = YES;
				CLANG_WARN_DEPRECATED_OBJC_IMPLEMENTATIONS = YES;
				CLANG_WARN_DIRECT_OBJC_ISA_USAGE = YES_ERROR;
				CLANG_WARN_DOCUMENTATION_COMMENTS = YES;
				CLANG_WARN_EMPTY_BODY = YES;
				CLANG_WARN_ENUM_CONVERSION = YES;
				CLANG_WARN_INFINITE_RECURSION = YES;
				CLANG_WARN_INT_CONVERSION = YES;
				CLANG_WARN_NON_LITERAL_NULL_CONVERSION = YES;
				CLANG_WARN_OBJC_IMPLICIT_RETAIN_SELF = YES;
				CLANG_WARN_OBJC_LITERAL_CONVERSION = YES;
				CLANG_WARN_OBJC_ROOT_CLASS = YES_ERROR;
				CLANG_WARN_RANGE_LOOP_ANALYSIS = YES;
				CLANG_WARN_STRICT_PROTOTYPES = YES;
				CLANG_WARN_SUSPICIOUS_MOVE = YES;
				CLANG_WARN_UNGUARDED_AVAILABILITY = YES_AGGRESSIVE;
				CLANG_WARN_UNREACHABLE_CODE = YES;
				CLANG_WARN__DUPLICATE_METHOD_MATCH = YES;
				COPY_PHASE_STRIP = NO;
				DEBUG_INFORMATION_FORMAT = "dwarf-with-dsym";
				ENABLE_NS_ASSERTIONS = NO;
				ENABLE_STRICT_OBJC_MSGSEND = YES;
				GCC_C_LANGUAGE_STANDARD = gnu11;
				GCC_NO_COMMON_BLOCKS = YES;
				GCC_WARN_64_TO_32_BIT_CONVERSION = YES;
				GCC_WARN_ABOUT_RETURN_TYPE = YES_ERROR;
				GCC_WARN_UNDECLARED_SELECTOR = YES;
				GCC_WARN_UNINITIALIZED_AUTOS = YES_AGGRESSIVE;
				GCC_WARN_UNUSED_FUNCTION = YES;
				GCC_WARN_UNUSED_VARIABLE = YES;
				IPHONEOS_DEPLOYMENT_TARGET = 13.2;
				MTL_ENABLE_DEBUG_INFO = NO;
				MTL_FAST_MATH = YES;
				SDKROOT = iphoneos;
				SWIFT_COMPILATION_MODE = wholemodule;
				SWIFT_OPTIMIZATION_LEVEL = "-O";
				VALIDATE_PRODUCT = YES;
			};
			name = Release;
		};
		47A2B30D23F94AD2009A4443 /* Debug */ = {
			isa = XCBuildConfiguration;
			baseConfigurationReference = 16AF77EB2B67985FA49AA981 /* Pods-SafeWalk.debug.xcconfig */;
			buildSettings = {
				ASSETCATALOG_COMPILER_APPICON_NAME = AppIcon;
				CODE_SIGN_STYLE = Automatic;
				DEVELOPMENT_ASSET_PATHS = "\"SafeWalk/Preview Content\"";
				ENABLE_PREVIEWS = YES;
				INFOPLIST_FILE = SafeWalk/Info.plist;
				LD_RUNPATH_SEARCH_PATHS = (
					"$(inherited)",
					"@executable_path/Frameworks",
				);
				PRODUCT_BUNDLE_IDENTIFIER = com.safewalkapp.SafeWalk;
				PRODUCT_NAME = "$(TARGET_NAME)";
				SWIFT_VERSION = 5.0;
				TARGETED_DEVICE_FAMILY = "1,2";
			};
			name = Debug;
		};
		47A2B30E23F94AD2009A4443 /* Release */ = {
			isa = XCBuildConfiguration;
			baseConfigurationReference = 655B0A48535E619C44492A83 /* Pods-SafeWalk.release.xcconfig */;
			buildSettings = {
				ASSETCATALOG_COMPILER_APPICON_NAME = AppIcon;
				CODE_SIGN_STYLE = Automatic;
				DEVELOPMENT_ASSET_PATHS = "\"SafeWalk/Preview Content\"";
				ENABLE_PREVIEWS = YES;
				INFOPLIST_FILE = SafeWalk/Info.plist;
				LD_RUNPATH_SEARCH_PATHS = (
					"$(inherited)",
					"@executable_path/Frameworks",
				);
				PRODUCT_BUNDLE_IDENTIFIER = com.safewalkapp.SafeWalk;
				PRODUCT_NAME = "$(TARGET_NAME)";
				SWIFT_VERSION = 5.0;
				TARGETED_DEVICE_FAMILY = "1,2";
			};
			name = Release;
		};
/* End XCBuildConfiguration section */

/* Begin XCConfigurationList section */
		47A2B2F323F94AD1009A4443 /* Build configuration list for PBXProject "SafeWalk" */ = {
			isa = XCConfigurationList;
			buildConfigurations = (
				47A2B30A23F94AD2009A4443 /* Debug */,
				47A2B30B23F94AD2009A4443 /* Release */,
			);
			defaultConfigurationIsVisible = 0;
			defaultConfigurationName = Release;
		};
		47A2B30C23F94AD2009A4443 /* Build configuration list for PBXNativeTarget "SafeWalk" */ = {
			isa = XCConfigurationList;
			buildConfigurations = (
				47A2B30D23F94AD2009A4443 /* Debug */,
				47A2B30E23F94AD2009A4443 /* Release */,
			);
			defaultConfigurationIsVisible = 0;
			defaultConfigurationName = Release;
		};
/* End XCConfigurationList section */
	};
	rootObject = 47A2B2F023F94AD1009A4443 /* Project object */;
}
